
Microsoft Visual Studio Solution File, Format Version 12.00
# Visual Studio Version 17
VisualStudioVersion = 17.4.33213.308
MinimumVisualStudioVersion = 10.0.40219.1
Project("{FAE04EC0-301F-11D3-BF4B-00C04F79EFBC}") = "HelloWorld", "HelloWorld\HelloWorld.csproj", "{78C9DA80-90DD-4BEF-B20D-994BB7F07186}"
EndProject
Global
	GlobalSection(SolutionConfigurationPlatforms) = preSolution
		Debug|Any CPU = Debug|Any CPU
		Release|Any CPU = Release|Any CPU
	EndGlobalSection
	GlobalSection(ProjectConfigurationPlatforms) = postSolution
		{78C9DA80-90DD-4BEF-B20D-994BB7F07186}.Debug|Any CPU.ActiveCfg = Debug|Any CPU
		{78C9DA80-90DD-4BEF-B20D-994BB7F07186}.Debug|Any CPU.Build.0 = Debug|Any CPU
		{78C9DA80-90DD-4BEF-B20D-994BB7F07186}.Release|Any CPU.ActiveCfg = Release|Any CPU
		{78C9DA80-90DD-4BEF-B20D-994BB7F07186}.Release|Any CPU.Build.0 = Release|Any CPU
	EndGlobalSection
	GlobalSection(SolutionProperties) = preSolution
		HideSolutionNode = FALSE
	EndGlobalSection
	GlobalSection(ExtensibilityGlobals) = postSolution
		SolutionGuid = {50EF4BB0-6302-4754-AA75-70E0B9681A4F}
	EndGlobalSection
EndGlobal
